
Microsoft Visual Studio Solution File, Format Version 12.00
# Visual Studio 15
VisualStudioVersion = 15.0.27703.2035
MinimumVisualStudioVersion = 10.0.40219.1
Project("{9A19103F-16F7-4668-BE54-9A1E7A4F7556}") = "EyeSpy.Service", "EyeSpy.Service\EyeSpy.Service.csproj", "{25F54D29-2138-4011-8554-7D7DD87D7591}"
EndProject
Project("{9A19103F-16F7-4668-BE54-9A1E7A4F7556}") = "ExeSpy.Service.Common", "ExeSpy.Service.Common\ExeSpy.Service.Common.csproj", "{89992B59-35F6-4795-AAE6-5CDBD639482E}"
EndProject
Project("{9A19103F-16F7-4668-BE54-9A1E7A4F7556}") = "EyeSpy.Service.FaceApi", "EyeSpy.Service.FaceApi\EyeSpy.Service.FaceApi.csproj", "{79A6B8C9-E7CD-446B-BCCC-1A29B13A2AE7}"
EndProject
Global
	GlobalSection(SolutionConfigurationPlatforms) = preSolution
		Debug|Any CPU = Debug|Any CPU
		Release|Any CPU = Release|Any CPU
	EndGlobalSection
	GlobalSection(ProjectConfigurationPlatforms) = postSolution
		{25F54D29-2138-4011-8554-7D7DD87D7591}.Debug|Any CPU.ActiveCfg = Debug|Any CPU
		{25F54D29-2138-4011-8554-7D7DD87D7591}.Debug|Any CPU.Build.0 = Debug|Any CPU
		{25F54D29-2138-4011-8554-7D7DD87D7591}.Release|Any CPU.ActiveCfg = Release|Any CPU
		{25F54D29-2138-4011-8554-7D7DD87D7591}.Release|Any CPU.Build.0 = Release|Any CPU
		{89992B59-35F6-4795-AAE6-5CDBD639482E}.Debug|Any CPU.ActiveCfg = Debug|Any CPU
		{89992B59-35F6-4795-AAE6-5CDBD639482E}.Debug|Any CPU.Build.0 = Debug|Any CPU
		{89992B59-35F6-4795-AAE6-5CDBD639482E}.Release|Any CPU.ActiveCfg = Release|Any CPU
		{89992B59-35F6-4795-AAE6-5CDBD639482E}.Release|Any CPU.Build.0 = Release|Any CPU
		{79A6B8C9-E7CD-446B-BCCC-1A29B13A2AE7}.Debug|Any CPU.ActiveCfg = Debug|Any CPU
		{79A6B8C9-E7CD-446B-BCCC-1A29B13A2AE7}.Debug|Any CPU.Build.0 = Debug|Any CPU
		{79A6B8C9-E7CD-446B-BCCC-1A29B13A2AE7}.Release|Any CPU.ActiveCfg = Release|Any CPU
		{79A6B8C9-E7CD-446B-BCCC-1A29B13A2AE7}.Release|Any CPU.Build.0 = Release|Any CPU
	EndGlobalSection
	GlobalSection(SolutionProperties) = preSolution
		HideSolutionNode = FALSE
	EndGlobalSection
	GlobalSection(ExtensibilityGlobals) = postSolution
		SolutionGuid = {891302F5-71D5-44E2-8B4D-4BCC863723A9}
	EndGlobalSection
EndGlobal
