
Microsoft Visual Studio Solution File, Format Version 12.00
# Visual Studio 2012
Project("{FAE04EC0-301F-11D3-BF4B-00C04F79EFBC}") = "EyeSpyApp.Android", "EyeSpyApp.Android\EyeSpyApp.Android.csproj", "{552510FA-09FA-4FF6-94DB-0E84AA207847}"
EndProject
Project("{FAE04EC0-301F-11D3-BF4B-00C04F79EFBC}") = "EyeSpyApp.iOS", "EyeSpyApp.iOS\EyeSpyApp.iOS.csproj", "{4E687710-8816-45EA-A9E3-40129E4642BA}"
EndProject
Project("{FAE04EC0-301F-11D3-BF4B-00C04F79EFBC}") = "EyeSpyApp", "EyeSpyApp\EyeSpyApp.csproj", "{B7393973-AD05-4CC6-BE56-50F749490BEE}"
EndProject
Global
	GlobalSection(SolutionConfigurationPlatforms) = preSolution
		Debug|Any CPU = Debug|Any CPU
		Release|Any CPU = Release|Any CPU
		Debug|iPhoneSimulator = Debug|iPhoneSimulator
		Release|iPhoneSimulator = Release|iPhoneSimulator
		Debug|iPhone = Debug|iPhone
		Release|iPhone = Release|iPhone
	EndGlobalSection
	GlobalSection(ProjectConfigurationPlatforms) = postSolution
		{552510FA-09FA-4FF6-94DB-0E84AA207847}.Debug|Any CPU.ActiveCfg = Debug|Any CPU
		{552510FA-09FA-4FF6-94DB-0E84AA207847}.Debug|Any CPU.Build.0 = Debug|Any CPU
		{552510FA-09FA-4FF6-94DB-0E84AA207847}.Release|Any CPU.ActiveCfg = Release|Any CPU
		{552510FA-09FA-4FF6-94DB-0E84AA207847}.Release|Any CPU.Build.0 = Release|Any CPU
		{552510FA-09FA-4FF6-94DB-0E84AA207847}.Debug|iPhoneSimulator.ActiveCfg = Debug|Any CPU
		{552510FA-09FA-4FF6-94DB-0E84AA207847}.Debug|iPhoneSimulator.Build.0 = Debug|Any CPU
		{552510FA-09FA-4FF6-94DB-0E84AA207847}.Release|iPhoneSimulator.ActiveCfg = Release|Any CPU
		{552510FA-09FA-4FF6-94DB-0E84AA207847}.Release|iPhoneSimulator.Build.0 = Release|Any CPU
		{552510FA-09FA-4FF6-94DB-0E84AA207847}.Debug|iPhone.ActiveCfg = Debug|Any CPU
		{552510FA-09FA-4FF6-94DB-0E84AA207847}.Debug|iPhone.Build.0 = Debug|Any CPU
		{552510FA-09FA-4FF6-94DB-0E84AA207847}.Release|iPhone.ActiveCfg = Release|Any CPU
		{552510FA-09FA-4FF6-94DB-0E84AA207847}.Release|iPhone.Build.0 = Release|Any CPU
		{4E687710-8816-45EA-A9E3-40129E4642BA}.Debug|Any CPU.ActiveCfg = Debug|iPhoneSimulator
		{4E687710-8816-45EA-A9E3-40129E4642BA}.Debug|Any CPU.Build.0 = Debug|iPhoneSimulator
		{4E687710-8816-45EA-A9E3-40129E4642BA}.Release|Any CPU.ActiveCfg = Release|iPhoneSimulator
		{4E687710-8816-45EA-A9E3-40129E4642BA}.Release|Any CPU.Build.0 = Release|iPhoneSimulator
		{4E687710-8816-45EA-A9E3-40129E4642BA}.Debug|iPhoneSimulator.ActiveCfg = Debug|iPhoneSimulator
		{4E687710-8816-45EA-A9E3-40129E4642BA}.Debug|iPhoneSimulator.Build.0 = Debug|iPhoneSimulator
		{4E687710-8816-45EA-A9E3-40129E4642BA}.Release|iPhoneSimulator.ActiveCfg = Release|iPhoneSimulator
		{4E687710-8816-45EA-A9E3-40129E4642BA}.Release|iPhoneSimulator.Build.0 = Release|iPhoneSimulator
		{4E687710-8816-45EA-A9E3-40129E4642BA}.Debug|iPhone.ActiveCfg = Debug|iPhone
		{4E687710-8816-45EA-A9E3-40129E4642BA}.Debug|iPhone.Build.0 = Debug|iPhone
		{4E687710-8816-45EA-A9E3-40129E4642BA}.Release|iPhone.ActiveCfg = Release|iPhone
		{4E687710-8816-45EA-A9E3-40129E4642BA}.Release|iPhone.Build.0 = Release|iPhone
		{B7393973-AD05-4CC6-BE56-50F749490BEE}.Debug|Any CPU.ActiveCfg = Debug|Any CPU
		{B7393973-AD05-4CC6-BE56-50F749490BEE}.Debug|Any CPU.Build.0 = Debug|Any CPU
		{B7393973-AD05-4CC6-BE56-50F749490BEE}.Release|Any CPU.ActiveCfg = Release|Any CPU
		{B7393973-AD05-4CC6-BE56-50F749490BEE}.Release|Any CPU.Build.0 = Release|Any CPU
		{B7393973-AD05-4CC6-BE56-50F749490BEE}.Debug|iPhoneSimulator.ActiveCfg = Debug|Any CPU
		{B7393973-AD05-4CC6-BE56-50F749490BEE}.Debug|iPhoneSimulator.Build.0 = Debug|Any CPU
		{B7393973-AD05-4CC6-BE56-50F749490BEE}.Release|iPhoneSimulator.ActiveCfg = Release|Any CPU
		{B7393973-AD05-4CC6-BE56-50F749490BEE}.Release|iPhoneSimulator.Build.0 = Release|Any CPU
		{B7393973-AD05-4CC6-BE56-50F749490BEE}.Debug|iPhone.ActiveCfg = Debug|Any CPU
		{B7393973-AD05-4CC6-BE56-50F749490BEE}.Debug|iPhone.Build.0 = Debug|Any CPU
		{B7393973-AD05-4CC6-BE56-50F749490BEE}.Release|iPhone.ActiveCfg = Release|Any CPU
		{B7393973-AD05-4CC6-BE56-50F749490BEE}.Release|iPhone.Build.0 = Release|Any CPU
	EndGlobalSection
EndGlobal
